// !$*UTF8*$!
{
	archiveVersion = 1;
	classes = {
	};
	objectVersion = 56;
	objects = {

/* Begin PBXBuildFile section */
		6647283A28D9685A00CBFD27 /* CollectionViewCell.swift in Sources */ = {isa = PBXBuildFile; fileRef = 6647283928D9685A00CBFD27 /* CollectionViewCell.swift */; };
		6647283C28D9687D00CBFD27 /* LocationCollectionViewController.swift in Sources */ = {isa = PBXBuildFile; fileRef = 6647283B28D9687D00CBFD27 /* LocationCollectionViewController.swift */; };
		6667EB5128D940790050C29E /* AppDelegate.swift in Sources */ = {isa = PBXBuildFile; fileRef = 6667EB5028D940790050C29E /* AppDelegate.swift */; };
		6667EB5328D940790050C29E /* SceneDelegate.swift in Sources */ = {isa = PBXBuildFile; fileRef = 6667EB5228D940790050C29E /* SceneDelegate.swift */; };
		6667EB5528D940790050C29E /* LocationFormViewController.swift in Sources */ = {isa = PBXBuildFile; fileRef = 6667EB5428D940790050C29E /* LocationFormViewController.swift */; };
		6667EB5828D940790050C29E /* Main.storyboard in Resources */ = {isa = PBXBuildFile; fileRef = 6667EB5628D940790050C29E /* Main.storyboard */; };
		6667EB5B28D940790050C29E /* Locations_Final_Project.xcdatamodeld in Sources */ = {isa = PBXBuildFile; fileRef = 6667EB5928D940790050C29E /* Locations_Final_Project.xcdatamodeld */; };
		6667EB5D28D9407B0050C29E /* Assets.xcassets in Resources */ = {isa = PBXBuildFile; fileRef = 6667EB5C28D9407B0050C29E /* Assets.xcassets */; };
		6667EB6028D9407B0050C29E /* LaunchScreen.storyboard in Resources */ = {isa = PBXBuildFile; fileRef = 6667EB5E28D9407B0050C29E /* LaunchScreen.storyboard */; };
		6667EB6828D941270050C29E /* DatabaseHelper.swift in Sources */ = {isa = PBXBuildFile; fileRef = 6667EB6728D941270050C29E /* DatabaseHelper.swift */; };
		6667EB6A28D942F50050C29E /* LocationListViewController.swift in Sources */ = {isa = PBXBuildFile; fileRef = 6667EB6928D942F50050C29E /* LocationListViewController.swift */; };
		6667EB6C28D947360050C29E /* TableViewCell.swift in Sources */ = {isa = PBXBuildFile; fileRef = 6667EB6B28D947360050C29E /* TableViewCell.swift */; };
		6667EB6E28D948720050C29E /* MapViewController.swift in Sources */ = {isa = PBXBuildFile; fileRef = 6667EB6D28D948720050C29E /* MapViewController.swift */; };
/* End PBXBuildFile section */

/* Begin PBXFileReference section */
		6647283928D9685A00CBFD27 /* CollectionViewCell.swift */ = {isa = PBXFileReference; lastKnownFileType = sourcecode.swift; path = CollectionViewCell.swift; sourceTree = "<group>"; };
		6647283B28D9687D00CBFD27 /* LocationCollectionViewController.swift */ = {isa = PBXFileReference; lastKnownFileType = sourcecode.swift; path = LocationCollectionViewController.swift; sourceTree = "<group>"; };
		6667EB4D28D940790050C29E /* Locations-Final Project.app */ = {isa = PBXFileReference; explicitFileType = wrapper.application; includeInIndex = 0; path = "Locations-Final Project.app"; sourceTree = BUILT_PRODUCTS_DIR; };
		6667EB5028D940790050C29E /* AppDelegate.swift */ = {isa = PBXFileReference; lastKnownFileType = sourcecode.swift; path = AppDelegate.swift; sourceTree = "<group>"; };
		6667EB5228D940790050C29E /* SceneDelegate.swift */ = {isa = PBXFileReference; lastKnownFileType = sourcecode.swift; path = SceneDelegate.swift; sourceTree = "<group>"; };
		6667EB5428D940790050C29E /* LocationFormViewController.swift */ = {isa = PBXFileReference; lastKnownFileType = sourcecode.swift; path = LocationFormViewController.swift; sourceTree = "<group>"; };
		6667EB5728D940790050C29E /* Base */ = {isa = PBXFileReference; lastKnownFileType = file.storyboard; name = Base; path = Base.lproj/Main.storyboard; sourceTree = "<group>"; };
		6667EB5A28D940790050C29E /* Locations_Final_Project.xcdatamodel */ = {isa = PBXFileReference; lastKnownFileType = wrapper.xcdatamodel; path = Locations_Final_Project.xcdatamodel; sourceTree = "<group>"; };
		6667EB5C28D9407B0050C29E /* Assets.xcassets */ = {isa = PBXFileReference; lastKnownFileType = folder.assetcatalog; path = Assets.xcassets; sourceTree = "<group>"; };
		6667EB5F28D9407B0050C29E /* Base */ = {isa = PBXFileReference; lastKnownFileType = file.storyboard; name = Base; path = Base.lproj/LaunchScreen.storyboard; sourceTree = "<group>"; };
		6667EB6128D9407B0050C29E /* Info.plist */ = {isa = PBXFileReference; lastKnownFileType = text.plist.xml; path = Info.plist; sourceTree = "<group>"; };
		6667EB6728D941270050C29E /* DatabaseHelper.swift */ = {isa = PBXFileReference; lastKnownFileType = sourcecode.swift; path = DatabaseHelper.swift; sourceTree = "<group>"; };
		6667EB6928D942F50050C29E /* LocationListViewController.swift */ = {isa = PBXFileReference; lastKnownFileType = sourcecode.swift; path = LocationListViewController.swift; sourceTree = "<group>"; };
		6667EB6B28D947360050C29E /* TableViewCell.swift */ = {isa = PBXFileReference; lastKnownFileType = sourcecode.swift; path = TableViewCell.swift; sourceTree = "<group>"; };
		6667EB6D28D948720050C29E /* MapViewController.swift */ = {isa = PBXFileReference; lastKnownFileType = sourcecode.swift; path = MapViewController.swift; sourceTree = "<group>"; };
/* End PBXFileReference section */

/* Begin PBXFrameworksBuildPhase section */
		6667EB4A28D940790050C29E /* Frameworks */ = {
			isa = PBXFrameworksBuildPhase;
			buildActionMask = 2147483647;
			files = (
			);
			runOnlyForDeploymentPostprocessing = 0;
		};
/* End PBXFrameworksBuildPhase section */

/* Begin PBXGroup section */
		6667EB4428D940790050C29E = {
			isa = PBXGroup;
			children = (
				6667EB4F28D940790050C29E /* Locations-Final Project */,
				6667EB4E28D940790050C29E /* Products */,
			);
			sourceTree = "<group>";
		};
		6667EB4E28D940790050C29E /* Products */ = {
			isa = PBXGroup;
			children = (
				6667EB4D28D940790050C29E /* Locations-Final Project.app */,
			);
			name = Products;
			sourceTree = "<group>";
		};
		6667EB4F28D940790050C29E /* Locations-Final Project */ = {
			isa = PBXGroup;
			children = (
				6667EB5028D940790050C29E /* AppDelegate.swift */,
				6667EB6D28D948720050C29E /* MapViewController.swift */,
				6667EB5228D940790050C29E /* SceneDelegate.swift */,
				6667EB5428D940790050C29E /* LocationFormViewController.swift */,
				6667EB6928D942F50050C29E /* LocationListViewController.swift */,
				6667EB5628D940790050C29E /* Main.storyboard */,
				6647283928D9685A00CBFD27 /* CollectionViewCell.swift */,
				6647283B28D9687D00CBFD27 /* LocationCollectionViewController.swift */,
				6667EB6728D941270050C29E /* DatabaseHelper.swift */,
				6667EB6B28D947360050C29E /* TableViewCell.swift */,
				6667EB5C28D9407B0050C29E /* Assets.xcassets */,
				6667EB5E28D9407B0050C29E /* LaunchScreen.storyboard */,
				6667EB6128D9407B0050C29E /* Info.plist */,
				6667EB5928D940790050C29E /* Locations_Final_Project.xcdatamodeld */,
			);
			path = "Locations-Final Project";
			sourceTree = "<group>";
		};
/* End PBXGroup section */

/* Begin PBXNativeTarget section */
		6667EB4C28D940790050C29E /* Locations-Final Project */ = {
			isa = PBXNativeTarget;
			buildConfigurationList = 6667EB6428D9407B0050C29E /* Build configuration list for PBXNativeTarget "Locations-Final Project" */;
			buildPhases = (
				6667EB4928D940790050C29E /* Sources */,
				6667EB4A28D940790050C29E /* Frameworks */,
				6667EB4B28D940790050C29E /* Resources */,
			);
			buildRules = (
			);
			dependencies = (
			);
			name = "Locations-Final Project";
			productName = "Locations-Final Project";
			productReference = 6667EB4D28D940790050C29E /* Locations-Final Project.app */;
			productType = "com.apple.product-type.application";
		};
/* End PBXNativeTarget section */

/* Begin PBXProject section */
		6667EB4528D940790050C29E /* Project object */ = {
			isa = PBXProject;
			attributes = {
				BuildIndependentTargetsInParallel = 1;
				LastSwiftUpdateCheck = 1400;
				LastUpgradeCheck = 1400;
				TargetAttributes = {
					6667EB4C28D940790050C29E = {
						CreatedOnToolsVersion = 14.0;
					};
				};
			};
			buildConfigurationList = 6667EB4828D940790050C29E /* Build configuration list for PBXProject "Locations-Final Project" */;
			compatibilityVersion = "Xcode 14.0";
			developmentRegion = en;
			hasScannedForEncodings = 0;
			knownRegions = (
				en,
				Base,
			);
			mainGroup = 6667EB4428D940790050C29E;
			productRefGroup = 6667EB4E28D940790050C29E /* Products */;
			projectDirPath = "";
			projectRoot = "";
			targets = (
				6667EB4C28D940790050C29E /* Locations-Final Project */,
			);
		};
/* End PBXProject section */

/* Begin PBXResourcesBuildPhase section */
		6667EB4B28D940790050C29E /* Resources */ = {
			isa = PBXResourcesBuildPhase;
			buildActionMask = 2147483647;
			files = (
				6667EB6028D9407B0050C29E /* LaunchScreen.storyboard in Resources */,
				6667EB5D28D9407B0050C29E /* Assets.xcassets in Resources */,
				6667EB5828D940790050C29E /* Main.storyboard in Resources */,
			);
			runOnlyForDeploymentPostprocessing = 0;
		};
/* End PBXResourcesBuildPhase section */

/* Begin PBXSourcesBuildPhase section */
		6667EB4928D940790050C29E /* Sources */ = {
			isa = PBXSourcesBuildPhase;
			buildActionMask = 2147483647;
			files = (
				6667EB5528D940790050C29E /* LocationFormViewController.swift in Sources */,
				6667EB6828D941270050C29E /* DatabaseHelper.swift in Sources */,
				6647283A28D9685A00CBFD27 /* CollectionViewCell.swift in Sources */,
				6647283C28D9687D00CBFD27 /* LocationCollectionViewController.swift in Sources */,
				6667EB5128D940790050C29E /* AppDelegate.swift in Sources */,
				6667EB5328D940790050C29E /* SceneDelegate.swift in Sources */,
				6667EB6A28D942F50050C29E /* LocationListViewController.swift in Sources */,
				6667EB6C28D947360050C29E /* TableViewCell.swift in Sources */,
				6667EB5B28D940790050C29E /* Locations_Final_Project.xcdatamodeld in Sources */,
				6667EB6E28D948720050C29E /* MapViewController.swift in Sources */,
			);
			runOnlyForDeploymentPostprocessing = 0;
		};
/* End PBXSourcesBuildPhase section */

/* Begin PBXVariantGroup section */
		6667EB5628D940790050C29E /* Main.storyboard */ = {
			isa = PBXVariantGroup;
			children = (
				6667EB5728D940790050C29E /* Base */,
			);
			name = Main.storyboard;
			sourceTree = "<group>";
		};
		6667EB5E28D9407B0050C29E /* LaunchScreen.storyboard */ = {
			isa = PBXVariantGroup;
			children = (
				6667EB5F28D9407B0050C29E /* Base */,
			);
			name = LaunchScreen.storyboard;
			sourceTree = "<group>";
		};
/* End PBXVariantGroup section */

/* Begin XCBuildConfiguration section */
		6667EB6228D9407B0050C29E /* Debug */ = {
			isa = XCBuildConfiguration;
			buildSettings = {
				ALWAYS_SEARCH_USER_PATHS = NO;
				CLANG_ANALYZER_NONNULL = YES;
				CLANG_ANALYZER_NUMBER_OBJECT_CONVERSION = YES_AGGRESSIVE;
				CLANG_CXX_LANGUAGE_STANDARD = "gnu++20";
				CLANG_ENABLE_MODULES = YES;
				CLANG_ENABLE_OBJC_ARC = YES;
				CLANG_ENABLE_OBJC_WEAK = YES;
				CLANG_WARN_BLOCK_CAPTURE_AUTORELEASING = YES;
				CLANG_WARN_BOOL_CONVERSION = YES;
				CLANG_WARN_COMMA = YES;
				CLANG_WARN_CONSTANT_CONVERSION = YES;
				CLANG_WARN_DEPRECATED_OBJC_IMPLEMENTATIONS = YES;
				CLANG_WARN_DIRECT_OBJC_ISA_USAGE = YES_ERROR;
				CLANG_WARN_DOCUMENTATION_COMMENTS = YES;
				CLANG_WARN_EMPTY_BODY = YES;
				CLANG_WARN_ENUM_CONVERSION = YES;
				CLANG_WARN_INFINITE_RECURSION = YES;
				CLANG_WARN_INT_CONVERSION = YES;
				CLANG_WARN_NON_LITERAL_NULL_CONVERSION = YES;
				CLANG_WARN_OBJC_IMPLICIT_RETAIN_SELF = YES;
				CLANG_WARN_OBJC_LITERAL_CONVERSION = YES;
				CLANG_WARN_OBJC_ROOT_CLASS = YES_ERROR;
				CLANG_WARN_QUOTED_INCLUDE_IN_FRAMEWORK_HEADER = YES;
				CLANG_WARN_RANGE_LOOP_ANALYSIS = YES;
				CLANG_WARN_STRICT_PROTOTYPES = YES;
				CLANG_WARN_SUSPICIOUS_MOVE = YES;
				CLANG_WARN_UNGUARDED_AVAILABILITY = YES_AGGRESSIVE;
				CLANG_WARN_UNREACHABLE_CODE = YES;
				CLANG_WARN__DUPLICATE_METHOD_MATCH = YES;
				COPY_PHASE_STRIP = NO;
				DEBUG_INFORMATION_FORMAT = dwarf;
				ENABLE_STRICT_OBJC_MSGSEND = YES;
				ENABLE_TESTABILITY = YES;
				GCC_C_LANGUAGE_STANDARD = gnu11;
				GCC_DYNAMIC_NO_PIC = NO;
				GCC_NO_COMMON_BLOCKS = YES;
				GCC_OPTIMIZATION_LEVEL = 0;
				GCC_PREPROCESSOR_DEFINITIONS = (
					"DEBUG=1",
					"$(inherited)",
				);
				GCC_WARN_64_TO_32_BIT_CONVERSION = YES;
				GCC_WARN_ABOUT_RETURN_TYPE = YES_ERROR;
				GCC_WARN_UNDECLARED_SELECTOR = YES;
				GCC_WARN_UNINITIALIZED_AUTOS = YES_AGGRESSIVE;
				GCC_WARN_UNUSED_FUNCTION = YES;
				GCC_WARN_UNUSED_VARIABLE = YES;
				IPHONEOS_DEPLOYMENT_TARGET = 16.0;
				MTL_ENABLE_DEBUG_INFO = INCLUDE_SOURCE;
				MTL_FAST_MATH = YES;
				ONLY_ACTIVE_ARCH = YES;
				SDKROOT = iphoneos;
				SWIFT_ACTIVE_COMPILATION_CONDITIONS = DEBUG;
				SWIFT_OPTIMIZATION_LEVEL = "-Onone";
			};
			name = Debug;
		};
		6667EB6328D9407B0050C29E /* Release */ = {
			isa = XCBuildConfiguration;
			buildSettings = {
				ALWAYS_SEARCH_USER_PATHS = NO;
				CLANG_ANALYZER_NONNULL = YES;
				CLANG_ANALYZER_NUMBER_OBJECT_CONVERSION = YES_AGGRESSIVE;
				CLANG_CXX_LANGUAGE_STANDARD = "gnu++20";
				CLANG_ENABLE_MODULES = YES;
				CLANG_ENABLE_OBJC_ARC = YES;
				CLANG_ENABLE_OBJC_WEAK = YES;
				CLANG_WARN_BLOCK_CAPTURE_AUTORELEASING = YES;
				CLANG_WARN_BOOL_CONVERSION = YES;
				CLANG_WARN_COMMA = YES;
				CLANG_WARN_CONSTANT_CONVERSION = YES;
				CLANG_WARN_DEPRECATED_OBJC_IMPLEMENTATIONS = YES;
				CLANG_WARN_DIRECT_OBJC_ISA_USAGE = YES_ERROR;
				CLANG_WARN_DOCUMENTATION_COMMENTS = YES;
				CLANG_WARN_EMPTY_BODY = YES;
				CLANG_WARN_ENUM_CONVERSION = YES;
				CLANG_WARN_INFINITE_RECURSION = YES;
				CLANG_WARN_INT_CONVERSION = YES;
				CLANG_WARN_NON_LITERAL_NULL_CONVERSION = YES;
				CLANG_WARN_OBJC_IMPLICIT_RETAIN_SELF = YES;
				CLANG_WARN_OBJC_LITERAL_CONVERSION = YES;
				CLANG_WARN_OBJC_ROOT_CLASS = YES_ERROR;
				CLANG_WARN_QUOTED_INCLUDE_IN_FRAMEWORK_HEADER = YES;
				CLANG_WARN_RANGE_LOOP_ANALYSIS = YES;
				CLANG_WARN_STRICT_PROTOTYPES = YES;
				CLANG_WARN_SUSPICIOUS_MOVE = YES;
				CLANG_WARN_UNGUARDED_AVAILABILITY = YES_AGGRESSIVE;
				CLANG_WARN_UNREACHABLE_CODE = YES;
				CLANG_WARN__DUPLICATE_METHOD_MATCH = YES;
				COPY_PHASE_STRIP = NO;
				DEBUG_INFORMATION_FORMAT = "dwarf-with-dsym";
				ENABLE_NS_ASSERTIONS = NO;
				ENABLE_STRICT_OBJC_MSGSEND = YES;
				GCC_C_LANGUAGE_STANDARD = gnu11;
				GCC_NO_COMMON_BLOCKS = YES;
				GCC_WARN_64_TO_32_BIT_CONVERSION = YES;
				GCC_WARN_ABOUT_RETURN_TYPE = YES_ERROR;
				GCC_WARN_UNDECLARED_SELECTOR = YES;
				GCC_WARN_UNINITIALIZED_AUTOS = YES_AGGRESSIVE;
				GCC_WARN_UNUSED_FUNCTION = YES;
				GCC_WARN_UNUSED_VARIABLE = YES;
				IPHONEOS_DEPLOYMENT_TARGET = 16.0;
				MTL_ENABLE_DEBUG_INFO = NO;
				MTL_FAST_MATH = YES;
				SDKROOT = iphoneos;
				SWIFT_COMPILATION_MODE = wholemodule;
				SWIFT_OPTIMIZATION_LEVEL = "-O";
				VALIDATE_PRODUCT = YES;
			};
			name = Release;
		};
		6667EB6528D9407B0050C29E /* Debug */ = {
			isa = XCBuildConfiguration;
			buildSettings = {
				ASSETCATALOG_COMPILER_APPICON_NAME = AppIcon;
				ASSETCATALOG_COMPILER_GLOBAL_ACCENT_COLOR_NAME = AccentColor;
				CODE_SIGN_STYLE = Automatic;
				CURRENT_PROJECT_VERSION = 1;
				DEVELOPMENT_TEAM = RJTHTL3UW9;
				GENERATE_INFOPLIST_FILE = YES;
				INFOPLIST_FILE = "Locations-Final Project/Info.plist";
				INFOPLIST_KEY_UIApplicationSupportsIndirectInputEvents = YES;
				INFOPLIST_KEY_UILaunchStoryboardName = LaunchScreen;
				INFOPLIST_KEY_UIMainStoryboardFile = Main;
				INFOPLIST_KEY_UISupportedInterfaceOrientations_iPad = "UIInterfaceOrientationPortrait UIInterfaceOrientationPortraitUpsideDown UIInterfaceOrientationLandscapeLeft UIInterfaceOrientationLandscapeRight";
				INFOPLIST_KEY_UISupportedInterfaceOrientations_iPhone = "UIInterfaceOrientationPortrait UIInterfaceOrientationLandscapeLeft UIInterfaceOrientationLandscapeRight";
				LD_RUNPATH_SEARCH_PATHS = (
					"$(inherited)",
					"@executable_path/Frameworks",
				);
				MARKETING_VERSION = 1.0;
				PRODUCT_BUNDLE_IDENTIFIER = "madtGroup4.Locations-Final-Project";
				PRODUCT_NAME = "$(TARGET_NAME)";
				SWIFT_EMIT_LOC_STRINGS = YES;
				SWIFT_VERSION = 5.0;
				TARGETED_DEVICE_FAMILY = "1,2";
			};
			name = Debug;
		};
		6667EB6628D9407B0050C29E /* Release */ = {
			isa = XCBuildConfiguration;
			buildSettings = {
				ASSETCATALOG_COMPILER_APPICON_NAME = AppIcon;
				ASSETCATALOG_COMPILER_GLOBAL_ACCENT_COLOR_NAME = AccentColor;
				CODE_SIGN_STYLE = Automatic;
				CURRENT_PROJECT_VERSION = 1;
				DEVELOPMENT_TEAM = RJTHTL3UW9;
				GENERATE_INFOPLIST_FILE = YES;
				INFOPLIST_FILE = "Locations-Final Project/Info.plist";
				INFOPLIST_KEY_UIApplicationSupportsIndirectInputEvents = YES;
				INFOPLIST_KEY_UILaunchStoryboardName = LaunchScreen;
				INFOPLIST_KEY_UIMainStoryboardFile = Main;
				INFOPLIST_KEY_UISupportedInterfaceOrientations_iPad = "UIInterfaceOrientationPortrait UIInterfaceOrientationPortraitUpsideDown UIInterfaceOrientationLandscapeLeft UIInterfaceOrientationLandscapeRight";
				INFOPLIST_KEY_UISupportedInterfaceOrientations_iPhone = "UIInterfaceOrientationPortrait UIInterfaceOrientationLandscapeLeft UIInterfaceOrientationLandscapeRight";
				LD_RUNPATH_SEARCH_PATHS = (
					"$(inherited)",
					"@executable_path/Frameworks",
				);
				MARKETING_VERSION = 1.0;
				PRODUCT_BUNDLE_IDENTIFIER = "madtGroup4.Locations-Final-Project";
				PRODUCT_NAME = "$(TARGET_NAME)";
				SWIFT_EMIT_LOC_STRINGS = YES;
				SWIFT_VERSION = 5.0;
				TARGETED_DEVICE_FAMILY = "1,2";
			};
			name = Release;
		};
/* End XCBuildConfiguration section */

/* Begin XCConfigurationList section */
		6667EB4828D940790050C29E /* Build configuration list for PBXProject "Locations-Final Project" */ = {
			isa = XCConfigurationList;
			buildConfigurations = (
				6667EB6228D9407B0050C29E /* Debug */,
				6667EB6328D9407B0050C29E /* Release */,
			);
			defaultConfigurationIsVisible = 0;
			defaultConfigurationName = Release;
		};
		6667EB6428D9407B0050C29E /* Build configuration list for PBXNativeTarget "Locations-Final Project" */ = {
			isa = XCConfigurationList;
			buildConfigurations = (
				6667EB6528D9407B0050C29E /* Debug */,
				6667EB6628D9407B0050C29E /* Release */,
			);
			defaultConfigurationIsVisible = 0;
			defaultConfigurationName = Release;
		};
/* End XCConfigurationList section */

/* Begin XCVersionGroup section */
		6667EB5928D940790050C29E /* Locations_Final_Project.xcdatamodeld */ = {
			isa = XCVersionGroup;
			children = (
				6667EB5A28D940790050C29E /* Locations_Final_Project.xcdatamodel */,
			);
			currentVersion = 6667EB5A28D940790050C29E /* Locations_Final_Project.xcdatamodel */;
			path = Locations_Final_Project.xcdatamodeld;
			sourceTree = "<group>";
			versionGroupType = wrapper.xcdatamodel;
		};
/* End XCVersionGroup section */
	};
	rootObject = 6667EB4528D940790050C29E /* Project object */;
}
